
Microsoft Visual Studio Solution File, Format Version 10.00
# Visual Studio 2008
Project("{FAE04EC0-301F-11D3-BF4B-00C04F79EFBC}") = "Prototype_Lab_1", "Prototype_Lab_1\Prototype_Lab_1.csproj", "{1D0852DD-5B84-45A6-8871-887EF834A7EC}"
EndProject
Project("{FAE04EC0-301F-11D3-BF4B-00C04F79EFBC}") = "Prototype_Lab_1Screens", "Prototype_Lab_1\Prototype_Lab_1Screens\Prototype_Lab_1Screens.csproj", "{61CD32D1-F800-45A0-BDA9-FC24DF541D4E}"
EndProject
Global
	GlobalSection(SolutionConfigurationPlatforms) = preSolution
		Debug|Any CPU = Debug|Any CPU
		Release|Any CPU = Release|Any CPU
	EndGlobalSection
	GlobalSection(ProjectConfigurationPlatforms) = postSolution
		{1D0852DD-5B84-45A6-8871-887EF834A7EC}.Debug|Any CPU.ActiveCfg = Debug|Any CPU
		{1D0852DD-5B84-45A6-8871-887EF834A7EC}.Debug|Any CPU.Build.0 = Debug|Any CPU
		{1D0852DD-5B84-45A6-8871-887EF834A7EC}.Release|Any CPU.ActiveCfg = Release|Any CPU
		{1D0852DD-5B84-45A6-8871-887EF834A7EC}.Release|Any CPU.Build.0 = Release|Any CPU
		{61CD32D1-F800-45A0-BDA9-FC24DF541D4E}.Debug|Any CPU.ActiveCfg = Debug|Any CPU
		{61CD32D1-F800-45A0-BDA9-FC24DF541D4E}.Debug|Any CPU.Build.0 = Debug|Any CPU
		{61CD32D1-F800-45A0-BDA9-FC24DF541D4E}.Release|Any CPU.ActiveCfg = Release|Any CPU
		{61CD32D1-F800-45A0-BDA9-FC24DF541D4E}.Release|Any CPU.Build.0 = Release|Any CPU
	EndGlobalSection
EndGlobal
